
Microsoft Visual Studio Solution File, Format Version 12.00
# Visual Studio Version 17
VisualStudioVersion = 17.11.35222.181
MinimumVisualStudioVersion = 10.0.40219.1
Project("{FAE04EC0-301F-11D3-BF4B-00C04F79EFBC}") = "preprocessing", "preprocessing\preprocessing.csproj", "{FD915A7E-E042-46BA-8631-FE54A9E5E618}"
EndProject
Project("{FAE04EC0-301F-11D3-BF4B-00C04F79EFBC}") = "querying", "querying\querying.csproj", "{BB129037-7801-48A5-94DA-346201FBB48B}"
EndProject
Global
	GlobalSection(SolutionConfigurationPlatforms) = preSolution
		Debug|Any CPU = Debug|Any CPU
		Release|Any CPU = Release|Any CPU
	EndGlobalSection
	GlobalSection(ProjectConfigurationPlatforms) = postSolution
		{FD915A7E-E042-46BA-8631-FE54A9E5E618}.Debug|Any CPU.ActiveCfg = Debug|Any CPU
		{FD915A7E-E042-46BA-8631-FE54A9E5E618}.Debug|Any CPU.Build.0 = Debug|Any CPU
		{FD915A7E-E042-46BA-8631-FE54A9E5E618}.Release|Any CPU.ActiveCfg = Release|Any CPU
		{FD915A7E-E042-46BA-8631-FE54A9E5E618}.Release|Any CPU.Build.0 = Release|Any CPU
		{BB129037-7801-48A5-94DA-346201FBB48B}.Debug|Any CPU.ActiveCfg = Debug|Any CPU
		{BB129037-7801-48A5-94DA-346201FBB48B}.Debug|Any CPU.Build.0 = Debug|Any CPU
		{BB129037-7801-48A5-94DA-346201FBB48B}.Release|Any CPU.ActiveCfg = Release|Any CPU
		{BB129037-7801-48A5-94DA-346201FBB48B}.Release|Any CPU.Build.0 = Release|Any CPU
	EndGlobalSection
	GlobalSection(SolutionProperties) = preSolution
		HideSolutionNode = FALSE
	EndGlobalSection
	GlobalSection(ExtensibilityGlobals) = postSolution
		SolutionGuid = {D61E9DA2-A098-4A50-A752-27F30804AF75}
	EndGlobalSection
EndGlobal
